# THIS IS AN AUTOGENERATED FILE. DO NOT EDIT THIS FILE DIRECTLY.
# yarn lockfile v1


curry@^1.2.0:
  version "1.2.0"
  resolved "https://registry.yarnpkg.com/curry/-/curry-1.2.0.tgz#9e6dd289548dba7e653d5ae3fe903fe7dfb33af2"

double-ended-queue@^2.1.0-0:
  version "2.1.0-0"
  resolved "https://registry.yarnpkg.com/double-ended-queue/-/double-ended-queue-2.1.0-0.tgz#103d3527fd31528f40188130c841efdd78264e5c"

es6-promise@^4.0.3:
  version "4.1.0"
  resolved "https://registry.yarnpkg.com/es6-promise/-/es6-promise-4.1.0.tgz#dda03ca8f9f89bc597e689842929de7ba8cebdf0"

es6-promisify@^5.0.0:
  version "5.0.0"
  resolved "https://registry.yarnpkg.com/es6-promisify/-/es6-promisify-5.0.0.tgz#5109d62f3e56ea967c4b63505aef08291c8a5203"
  dependencies:
    es6-promise "^4.0.3"

redis-commands@^1.2.0:
  version "1.3.1"
  resolved "https://registry.yarnpkg.com/redis-commands/-/redis-commands-1.3.1.tgz#81d826f45fa9c8b2011f4cd7a0fe597d241d442b"

redis-parser@^2.5.0:
  version "2.6.0"
  resolved "https://registry.yarnpkg.com/redis-parser/-/redis-parser-2.6.0.tgz#52ed09dacac108f1a631c07e9b69941e7a19504b"

redis@^2.7.1:
  version "2.7.1"
  resolved "https://registry.yarnpkg.com/redis/-/redis-2.7.1.tgz#7d56f7875b98b20410b71539f1d878ed58ebf46a"
  dependencies:
    double-ended-queue "^2.1.0-0"
    redis-commands "^1.2.0"
    redis-parser "^2.5.0"
